{
  "originHash" : "4ed5c4c02f1bf1942c37e8f680815c97069a41c24fe696f84b4700e647ff9fbb",
  "pins" : [
    {
      "identity" : "dicontainer",
      "kind" : "remoteSourceControl",
      "location" : "https://github.com/Roy-wonji/DiContainer",
      "state" : {
        "branch" : "main",
        "revision" : "ed2730cd601547541415552559d363d0f09e80c3"
      }
    },
    {
      "identity" : "logmacro",
      "kind" : "remoteSourceControl",
      "location" : "https://github.com/Roy-wonji/LogMacro.git",
      "state" : {
        "revision" : "2ef33e485dc87c9afc9b5d680749d6926c352718",
        "version" : "1.0.8"
      }
    },
    {
      "identity" : "swift-syntax",
      "kind" : "remoteSourceControl",
      "location" : "https://github.com/apple/swift-syntax.git",
      "state" : {
        "revision" : "cb53fa1bd3219b0b23ded7dfdd3b2baff266fd25",
        "version" : "600.0.0"
      }
    }
  ],
  "version" : 3
}
