{
  "originHash" : "4ed5c4c02f1bf1942c37e8f680815c97069a41c24fe696f84b4700e647ff9fbb",
  "pins" : [
    {
      "identity" : "dicontainer",
      "kind" : "remoteSourceControl",
      "location" : "https://github.com/Roy-wonji/DiContainer",
      "state" : {
        "branch" : "main",
        "revision" : "d25c3f9d25ad5a5fd28e366550dc976deb0f93fb"
      }
    },
    {
      "identity" : "logmacro",
      "kind" : "remoteSourceControl",
      "location" : "https://github.com/Roy-wonji/LogMacro.git",
      "state" : {
        "revision" : "2ef33e485dc87c9afc9b5d680749d6926c352718",
        "version" : "1.0.8"
      }
    },
    {
      "identity" : "swift-syntax",
      "kind" : "remoteSourceControl",
      "location" : "https://github.com/apple/swift-syntax.git",
      "state" : {
        "revision" : "f99ae8aa18f0cf0d53481901f88a0991dc3bd4a2",
        "version" : "601.0.1"
      }
    }
  ],
  "version" : 3
}
